
Microsoft Visual Studio Solution File, Format Version 12.00
# Visual Studio Version 17
VisualStudioVersion = 17.5.33103.201
MinimumVisualStudioVersion = 10.0.40219.1
Project("{9A19103F-16F7-4668-BE54-9A1E7A4F7556}") = "AvaloniaAOT", "AvaloniaAOT\AvaloniaAOT.csproj", "{490AC3FC-FD62-4356-8C1A-CA5AB865B7C7}"
EndProject
Project("{9A19103F-16F7-4668-BE54-9A1E7A4F7556}") = "WpfLibrary1", "WpfLibrary1\WpfLibrary1.csproj", "{A72C0957-326B-49C0-8AB4-62B55EA19C2A}"
EndProject
Global
	GlobalSection(SolutionConfigurationPlatforms) = preSolution
		Debug|Any CPU = Debug|Any CPU
		Release|Any CPU = Release|Any CPU
	EndGlobalSection
	GlobalSection(ProjectConfigurationPlatforms) = postSolution
		{490AC3FC-FD62-4356-8C1A-CA5AB865B7C7}.Debug|Any CPU.ActiveCfg = Debug|Any CPU
		{490AC3FC-FD62-4356-8C1A-CA5AB865B7C7}.Debug|Any CPU.Build.0 = Debug|Any CPU
		{490AC3FC-FD62-4356-8C1A-CA5AB865B7C7}.Release|Any CPU.ActiveCfg = Release|Any CPU
		{490AC3FC-FD62-4356-8C1A-CA5AB865B7C7}.Release|Any CPU.Build.0 = Release|Any CPU
		{A72C0957-326B-49C0-8AB4-62B55EA19C2A}.Debug|Any CPU.ActiveCfg = Debug|Any CPU
		{A72C0957-326B-49C0-8AB4-62B55EA19C2A}.Debug|Any CPU.Build.0 = Debug|Any CPU
		{A72C0957-326B-49C0-8AB4-62B55EA19C2A}.Release|Any CPU.ActiveCfg = Release|Any CPU
		{A72C0957-326B-49C0-8AB4-62B55EA19C2A}.Release|Any CPU.Build.0 = Release|Any CPU
	EndGlobalSection
	GlobalSection(SolutionProperties) = preSolution
		HideSolutionNode = FALSE
	EndGlobalSection
	GlobalSection(ExtensibilityGlobals) = postSolution
		SolutionGuid = {5363D2BC-8FC0-41DF-965F-6975DE383EEF}
	EndGlobalSection
EndGlobal
